
Microsoft Visual Studio Solution File, Format Version 12.00
# Visual Studio 14
VisualStudioVersion = 14.0.25420.1
MinimumVisualStudioVersion = 10.0.40219.1
Project("{E24C65DC-7377-472B-9ABA-BC803B73C61A}") = "angular2-quill", ".", "{5198472B-06C3-4042-ADDA-9ABDFF0DD859}"
	ProjectSection(WebsiteProperties) = preProject
		TargetFrameworkMoniker = ".NETFramework,Version%3Dv4.0"
		Debug.AspNetCompiler.VirtualPath = "/localhost_62020"
		Debug.AspNetCompiler.PhysicalPath = "..\..\..\..\..\..\projects\angular2-quill\"
		Debug.AspNetCompiler.TargetPath = "PrecompiledWeb\localhost_62020\"
		Debug.AspNetCompiler.Updateable = "true"
		Debug.AspNetCompiler.ForceOverwrite = "true"
		Debug.AspNetCompiler.FixedNames = "false"
		Debug.AspNetCompiler.Debug = "True"
		Release.AspNetCompiler.VirtualPath = "/localhost_62020"
		Release.AspNetCompiler.PhysicalPath = "..\..\..\..\..\..\projects\angular2-quill\"
		Release.AspNetCompiler.TargetPath = "PrecompiledWeb\localhost_62020\"
		Release.AspNetCompiler.Updateable = "true"
		Release.AspNetCompiler.ForceOverwrite = "true"
		Release.AspNetCompiler.FixedNames = "false"
		Release.AspNetCompiler.Debug = "False"
		VWDPort = "62020"
	EndProjectSection
EndProject
Global
	GlobalSection(SolutionConfigurationPlatforms) = preSolution
		Debug|Any CPU = Debug|Any CPU
	EndGlobalSection
	GlobalSection(ProjectConfigurationPlatforms) = postSolution
		{5198472B-06C3-4042-ADDA-9ABDFF0DD859}.Debug|Any CPU.ActiveCfg = Debug|Any CPU
		{5198472B-06C3-4042-ADDA-9ABDFF0DD859}.Debug|Any CPU.Build.0 = Debug|Any CPU
	EndGlobalSection
	GlobalSection(SolutionProperties) = preSolution
		HideSolutionNode = FALSE
	EndGlobalSection
EndGlobal
